
Microsoft Visual Studio Solution File, Format Version 12.00
Project("{FAE04EC0-301F-11D3-BF4B-00C04F79EFBC}") = "Fundamentos", "Fundamentos.csproj", "{A55D3E7D-8C8F-47F4-A284-B3475DA3BB4A}"
EndProject
Global
	GlobalSection(SolutionConfigurationPlatforms) = preSolution
		Debug|Any CPU = Debug|Any CPU
		Release|Any CPU = Release|Any CPU
	EndGlobalSection
	GlobalSection(ProjectConfigurationPlatforms) = postSolution
		{A55D3E7D-8C8F-47F4-A284-B3475DA3BB4A}.Debug|Any CPU.ActiveCfg = Debug|Any CPU
		{A55D3E7D-8C8F-47F4-A284-B3475DA3BB4A}.Debug|Any CPU.Build.0 = Debug|Any CPU
		{A55D3E7D-8C8F-47F4-A284-B3475DA3BB4A}.Release|Any CPU.ActiveCfg = Release|Any CPU
		{A55D3E7D-8C8F-47F4-A284-B3475DA3BB4A}.Release|Any CPU.Build.0 = Release|Any CPU
	EndGlobalSection
EndGlobal
