
Microsoft Visual Studio Solution File, Format Version 12.00
# Visual Studio Version 17
VisualStudioVersion = 17.14.36408.4
MinimumVisualStudioVersion = 10.0.40219.1
Project("{FAE04EC0-301F-11D3-BF4B-00C04F79EFBC}") = "ConceitosBasicos", "ConceitosBasicos\ConceitosBasicos.csproj", "{98916DC4-2FCA-40D2-88CB-90C9F8A4C37F}"
EndProject
Project("{FAE04EC0-301F-11D3-BF4B-00C04F79EFBC}") = "Formatação", "Formatação de dados\Formatação.csproj", "{B9BC8BF6-5833-444A-9A0E-5756BDB30ADA}"
EndProject
Project("{FAE04EC0-301F-11D3-BF4B-00C04F79EFBC}") = "Conversão", "Conversão\Conversão.csproj", "{D81C432A-0554-494F-9245-651136344971}"
EndProject
Global
	GlobalSection(SolutionConfigurationPlatforms) = preSolution
		Debug|Any CPU = Debug|Any CPU
		Release|Any CPU = Release|Any CPU
	EndGlobalSection
	GlobalSection(ProjectConfigurationPlatforms) = postSolution
		{98916DC4-2FCA-40D2-88CB-90C9F8A4C37F}.Debug|Any CPU.ActiveCfg = Debug|Any CPU
		{98916DC4-2FCA-40D2-88CB-90C9F8A4C37F}.Debug|Any CPU.Build.0 = Debug|Any CPU
		{98916DC4-2FCA-40D2-88CB-90C9F8A4C37F}.Release|Any CPU.ActiveCfg = Release|Any CPU
		{98916DC4-2FCA-40D2-88CB-90C9F8A4C37F}.Release|Any CPU.Build.0 = Release|Any CPU
		{B9BC8BF6-5833-444A-9A0E-5756BDB30ADA}.Debug|Any CPU.ActiveCfg = Debug|Any CPU
		{B9BC8BF6-5833-444A-9A0E-5756BDB30ADA}.Debug|Any CPU.Build.0 = Debug|Any CPU
		{B9BC8BF6-5833-444A-9A0E-5756BDB30ADA}.Release|Any CPU.ActiveCfg = Release|Any CPU
		{B9BC8BF6-5833-444A-9A0E-5756BDB30ADA}.Release|Any CPU.Build.0 = Release|Any CPU
		{D81C432A-0554-494F-9245-651136344971}.Debug|Any CPU.ActiveCfg = Debug|Any CPU
		{D81C432A-0554-494F-9245-651136344971}.Debug|Any CPU.Build.0 = Debug|Any CPU
		{D81C432A-0554-494F-9245-651136344971}.Release|Any CPU.ActiveCfg = Release|Any CPU
		{D81C432A-0554-494F-9245-651136344971}.Release|Any CPU.Build.0 = Release|Any CPU
	EndGlobalSection
	GlobalSection(SolutionProperties) = preSolution
		HideSolutionNode = FALSE
	EndGlobalSection
	GlobalSection(ExtensibilityGlobals) = postSolution
		SolutionGuid = {DB186F79-3E4C-40C9-9331-8125C70DEC5E}
	EndGlobalSection
EndGlobal
